// !$*UTF8*$!
{
	archiveVersion = 1;
	classes = {
	};
	objectVersion = 56;
	objects = {

/* Begin PBXBuildFile section */
		CC011C03295A286500F8D360 /* Magnitude.swift in Sources */ = {isa = PBXBuildFile; fileRef = CC011C02295A286500F8D360 /* Magnitude.swift */; };
		CC011C05295A3E1100F8D360 /* RoundedShape.swift in Sources */ = {isa = PBXBuildFile; fileRef = CC011C04295A3E1100F8D360 /* RoundedShape.swift */; };
		CC011C4C295AEDD700F8D360 /* Map in Frameworks */ = {isa = PBXBuildFile; productRef = CC011C4B295AEDD700F8D360 /* Map */; };
		CC41726B2957334900D186A7 /* TabBar.swift in Sources */ = {isa = PBXBuildFile; fileRef = CC41726A2957334900D186A7 /* TabBar.swift */; };
		CC52AC022952475800F9DFFA /* earthquakeApp.swift in Sources */ = {isa = PBXBuildFile; fileRef = CC52AC012952475800F9DFFA /* earthquakeApp.swift */; };
		CC52AC042952475800F9DFFA /* RootView.swift in Sources */ = {isa = PBXBuildFile; fileRef = CC52AC032952475800F9DFFA /* RootView.swift */; };
		CC52AC062952475A00F9DFFA /* Assets.xcassets in Resources */ = {isa = PBXBuildFile; fileRef = CC52AC052952475A00F9DFFA /* Assets.xcassets */; };
		CC52AC092952475A00F9DFFA /* Preview Assets.xcassets in Resources */ = {isa = PBXBuildFile; fileRef = CC52AC082952475A00F9DFFA /* Preview Assets.xcassets */; };
		CC52AC10295247A700F9DFFA /* ListView.swift in Sources */ = {isa = PBXBuildFile; fileRef = CC52AC0F295247A700F9DFFA /* ListView.swift */; };
		CC52AC122952487600F9DFFA /* MapView.swift in Sources */ = {isa = PBXBuildFile; fileRef = CC52AC112952487600F9DFFA /* MapView.swift */; };
		CC52AC142952524000F9DFFA /* APIClient.swift in Sources */ = {isa = PBXBuildFile; fileRef = CC52AC132952524000F9DFFA /* APIClient.swift */; };
		CC52AC162952533200F9DFFA /* SummaryModel.swift in Sources */ = {isa = PBXBuildFile; fileRef = CC52AC152952533200F9DFFA /* SummaryModel.swift */; };
		CCB4F3B5295C5EEE00E146CC /* SettingsView.swift in Sources */ = {isa = PBXBuildFile; fileRef = CCB4F3B4295C5EEE00E146CC /* SettingsView.swift */; };
/* End PBXBuildFile section */

/* Begin PBXFileReference section */
		CC011C02295A286500F8D360 /* Magnitude.swift */ = {isa = PBXFileReference; lastKnownFileType = sourcecode.swift; path = Magnitude.swift; sourceTree = "<group>"; };
		CC011C04295A3E1100F8D360 /* RoundedShape.swift */ = {isa = PBXFileReference; lastKnownFileType = sourcecode.swift; path = RoundedShape.swift; sourceTree = "<group>"; };
		CC41726A2957334900D186A7 /* TabBar.swift */ = {isa = PBXFileReference; lastKnownFileType = sourcecode.swift; path = TabBar.swift; sourceTree = "<group>"; };
		CC52ABFE2952475800F9DFFA /* earthquake.app */ = {isa = PBXFileReference; explicitFileType = wrapper.application; includeInIndex = 0; path = earthquake.app; sourceTree = BUILT_PRODUCTS_DIR; };
		CC52AC012952475800F9DFFA /* earthquakeApp.swift */ = {isa = PBXFileReference; lastKnownFileType = sourcecode.swift; path = earthquakeApp.swift; sourceTree = "<group>"; };
		CC52AC032952475800F9DFFA /* RootView.swift */ = {isa = PBXFileReference; lastKnownFileType = sourcecode.swift; path = RootView.swift; sourceTree = "<group>"; };
		CC52AC052952475A00F9DFFA /* Assets.xcassets */ = {isa = PBXFileReference; lastKnownFileType = folder.assetcatalog; path = Assets.xcassets; sourceTree = "<group>"; };
		CC52AC082952475A00F9DFFA /* Preview Assets.xcassets */ = {isa = PBXFileReference; lastKnownFileType = folder.assetcatalog; path = "Preview Assets.xcassets"; sourceTree = "<group>"; };
		CC52AC0F295247A700F9DFFA /* ListView.swift */ = {isa = PBXFileReference; lastKnownFileType = sourcecode.swift; path = ListView.swift; sourceTree = "<group>"; };
		CC52AC112952487600F9DFFA /* MapView.swift */ = {isa = PBXFileReference; lastKnownFileType = sourcecode.swift; path = MapView.swift; sourceTree = "<group>"; };
		CC52AC132952524000F9DFFA /* APIClient.swift */ = {isa = PBXFileReference; lastKnownFileType = sourcecode.swift; path = APIClient.swift; sourceTree = "<group>"; };
		CC52AC152952533200F9DFFA /* SummaryModel.swift */ = {isa = PBXFileReference; lastKnownFileType = sourcecode.swift; path = SummaryModel.swift; sourceTree = "<group>"; };
		CCB4F3B4295C5EEE00E146CC /* SettingsView.swift */ = {isa = PBXFileReference; lastKnownFileType = sourcecode.swift; path = SettingsView.swift; sourceTree = "<group>"; };
/* End PBXFileReference section */

/* Begin PBXFrameworksBuildPhase section */
		CC52ABFB2952475800F9DFFA /* Frameworks */ = {
			isa = PBXFrameworksBuildPhase;
			buildActionMask = 2147483647;
			files = (
				CC011C4C295AEDD700F8D360 /* Map in Frameworks */,
			);
			runOnlyForDeploymentPostprocessing = 0;
		};
/* End PBXFrameworksBuildPhase section */

/* Begin PBXGroup section */
		CC011C06295A3E3600F8D360 /* Shapes */ = {
			isa = PBXGroup;
			children = (
				CC011C04295A3E1100F8D360 /* RoundedShape.swift */,
			);
			path = Shapes;
			sourceTree = "<group>";
		};
		CC41726C2957525400D186A7 /* Views */ = {
			isa = PBXGroup;
			children = (
				CC52AC032952475800F9DFFA /* RootView.swift */,
				CC52AC0F295247A700F9DFFA /* ListView.swift */,
				CC41726A2957334900D186A7 /* TabBar.swift */,
				CC52AC112952487600F9DFFA /* MapView.swift */,
				CC011C02295A286500F8D360 /* Magnitude.swift */,
				CCB4F3B4295C5EEE00E146CC /* SettingsView.swift */,
			);
			path = Views;
			sourceTree = "<group>";
		};
		CC52ABF52952475800F9DFFA = {
			isa = PBXGroup;
			children = (
				CC52AC002952475800F9DFFA /* earthquake */,
				CC52ABFF2952475800F9DFFA /* Products */,
			);
			sourceTree = "<group>";
		};
		CC52ABFF2952475800F9DFFA /* Products */ = {
			isa = PBXGroup;
			children = (
				CC52ABFE2952475800F9DFFA /* earthquake.app */,
			);
			name = Products;
			sourceTree = "<group>";
		};
		CC52AC002952475800F9DFFA /* earthquake */ = {
			isa = PBXGroup;
			children = (
				CC011C06295A3E3600F8D360 /* Shapes */,
				CC41726C2957525400D186A7 /* Views */,
				CC52AC012952475800F9DFFA /* earthquakeApp.swift */,
				CC52AC132952524000F9DFFA /* APIClient.swift */,
				CC52AC152952533200F9DFFA /* SummaryModel.swift */,
				CC52AC052952475A00F9DFFA /* Assets.xcassets */,
				CC52AC072952475A00F9DFFA /* Preview Content */,
			);
			path = earthquake;
			sourceTree = "<group>";
		};
		CC52AC072952475A00F9DFFA /* Preview Content */ = {
			isa = PBXGroup;
			children = (
				CC52AC082952475A00F9DFFA /* Preview Assets.xcassets */,
			);
			path = "Preview Content";
			sourceTree = "<group>";
		};
/* End PBXGroup section */

/* Begin PBXNativeTarget section */
		CC52ABFD2952475800F9DFFA /* earthquake */ = {
			isa = PBXNativeTarget;
			buildConfigurationList = CC52AC0C2952475A00F9DFFA /* Build configuration list for PBXNativeTarget "earthquake" */;
			buildPhases = (
				CC52ABFA2952475800F9DFFA /* Sources */,
				CC52ABFB2952475800F9DFFA /* Frameworks */,
				CC52ABFC2952475800F9DFFA /* Resources */,
			);
			buildRules = (
			);
			dependencies = (
			);
			name = earthquake;
			packageProductDependencies = (
				CC011C4B295AEDD700F8D360 /* Map */,
			);
			productName = earthquake;
			productReference = CC52ABFE2952475800F9DFFA /* earthquake.app */;
			productType = "com.apple.product-type.application";
		};
/* End PBXNativeTarget section */

/* Begin PBXProject section */
		CC52ABF62952475800F9DFFA /* Project object */ = {
			isa = PBXProject;
			attributes = {
				BuildIndependentTargetsInParallel = 1;
				LastSwiftUpdateCheck = 1420;
				LastUpgradeCheck = 1420;
				TargetAttributes = {
					CC52ABFD2952475800F9DFFA = {
						CreatedOnToolsVersion = 14.2;
					};
				};
			};
			buildConfigurationList = CC52ABF92952475800F9DFFA /* Build configuration list for PBXProject "earthquake" */;
			compatibilityVersion = "Xcode 14.0";
			developmentRegion = en;
			hasScannedForEncodings = 0;
			knownRegions = (
				en,
				Base,
			);
			mainGroup = CC52ABF52952475800F9DFFA;
			packageReferences = (
				CC011C4A295AEDD700F8D360 /* XCRemoteSwiftPackageReference "Map" */,
			);
			productRefGroup = CC52ABFF2952475800F9DFFA /* Products */;
			projectDirPath = "";
			projectRoot = "";
			targets = (
				CC52ABFD2952475800F9DFFA /* earthquake */,
			);
		};
/* End PBXProject section */

/* Begin PBXResourcesBuildPhase section */
		CC52ABFC2952475800F9DFFA /* Resources */ = {
			isa = PBXResourcesBuildPhase;
			buildActionMask = 2147483647;
			files = (
				CC52AC092952475A00F9DFFA /* Preview Assets.xcassets in Resources */,
				CC52AC062952475A00F9DFFA /* Assets.xcassets in Resources */,
			);
			runOnlyForDeploymentPostprocessing = 0;
		};
/* End PBXResourcesBuildPhase section */

/* Begin PBXSourcesBuildPhase section */
		CC52ABFA2952475800F9DFFA /* Sources */ = {
			isa = PBXSourcesBuildPhase;
			buildActionMask = 2147483647;
			files = (
				CC011C03295A286500F8D360 /* Magnitude.swift in Sources */,
				CC52AC042952475800F9DFFA /* RootView.swift in Sources */,
				CC011C05295A3E1100F8D360 /* RoundedShape.swift in Sources */,
				CC52AC122952487600F9DFFA /* MapView.swift in Sources */,
				CC52AC162952533200F9DFFA /* SummaryModel.swift in Sources */,
				CCB4F3B5295C5EEE00E146CC /* SettingsView.swift in Sources */,
				CC52AC022952475800F9DFFA /* earthquakeApp.swift in Sources */,
				CC52AC142952524000F9DFFA /* APIClient.swift in Sources */,
				CC52AC10295247A700F9DFFA /* ListView.swift in Sources */,
				CC41726B2957334900D186A7 /* TabBar.swift in Sources */,
			);
			runOnlyForDeploymentPostprocessing = 0;
		};
/* End PBXSourcesBuildPhase section */

/* Begin XCBuildConfiguration section */
		CC52AC0A2952475A00F9DFFA /* Debug */ = {
			isa = XCBuildConfiguration;
			buildSettings = {
				ALWAYS_SEARCH_USER_PATHS = NO;
				CLANG_ANALYZER_NONNULL = YES;
				CLANG_ANALYZER_NUMBER_OBJECT_CONVERSION = YES_AGGRESSIVE;
				CLANG_CXX_LANGUAGE_STANDARD = "gnu++20";
				CLANG_ENABLE_MODULES = YES;
				CLANG_ENABLE_OBJC_ARC = YES;
				CLANG_ENABLE_OBJC_WEAK = YES;
				CLANG_WARN_BLOCK_CAPTURE_AUTORELEASING = YES;
				CLANG_WARN_BOOL_CONVERSION = YES;
				CLANG_WARN_COMMA = YES;
				CLANG_WARN_CONSTANT_CONVERSION = YES;
				CLANG_WARN_DEPRECATED_OBJC_IMPLEMENTATIONS = YES;
				CLANG_WARN_DIRECT_OBJC_ISA_USAGE = YES_ERROR;
				CLANG_WARN_DOCUMENTATION_COMMENTS = YES;
				CLANG_WARN_EMPTY_BODY = YES;
				CLANG_WARN_ENUM_CONVERSION = YES;
				CLANG_WARN_INFINITE_RECURSION = YES;
				CLANG_WARN_INT_CONVERSION = YES;
				CLANG_WARN_NON_LITERAL_NULL_CONVERSION = YES;
				CLANG_WARN_OBJC_IMPLICIT_RETAIN_SELF = YES;
				CLANG_WARN_OBJC_LITERAL_CONVERSION = YES;
				CLANG_WARN_OBJC_ROOT_CLASS = YES_ERROR;
				CLANG_WARN_QUOTED_INCLUDE_IN_FRAMEWORK_HEADER = YES;
				CLANG_WARN_RANGE_LOOP_ANALYSIS = YES;
				CLANG_WARN_STRICT_PROTOTYPES = YES;
				CLANG_WARN_SUSPICIOUS_MOVE = YES;
				CLANG_WARN_UNGUARDED_AVAILABILITY = YES_AGGRESSIVE;
				CLANG_WARN_UNREACHABLE_CODE = YES;
				CLANG_WARN__DUPLICATE_METHOD_MATCH = YES;
				COPY_PHASE_STRIP = NO;
				DEBUG_INFORMATION_FORMAT = dwarf;
				ENABLE_STRICT_OBJC_MSGSEND = YES;
				ENABLE_TESTABILITY = YES;
				GCC_C_LANGUAGE_STANDARD = gnu11;
				GCC_DYNAMIC_NO_PIC = NO;
				GCC_NO_COMMON_BLOCKS = YES;
				GCC_OPTIMIZATION_LEVEL = 0;
				GCC_PREPROCESSOR_DEFINITIONS = (
					"DEBUG=1",
					"$(inherited)",
				);
				GCC_WARN_64_TO_32_BIT_CONVERSION = YES;
				GCC_WARN_ABOUT_RETURN_TYPE = YES_ERROR;
				GCC_WARN_UNDECLARED_SELECTOR = YES;
				GCC_WARN_UNINITIALIZED_AUTOS = YES_AGGRESSIVE;
				GCC_WARN_UNUSED_FUNCTION = YES;
				GCC_WARN_UNUSED_VARIABLE = YES;
				IPHONEOS_DEPLOYMENT_TARGET = 16.2;
				MTL_ENABLE_DEBUG_INFO = INCLUDE_SOURCE;
				MTL_FAST_MATH = YES;
				ONLY_ACTIVE_ARCH = YES;
				SDKROOT = iphoneos;
				SWIFT_ACTIVE_COMPILATION_CONDITIONS = DEBUG;
				SWIFT_OPTIMIZATION_LEVEL = "-Onone";
			};
			name = Debug;
		};
		CC52AC0B2952475A00F9DFFA /* Release */ = {
			isa = XCBuildConfiguration;
			buildSettings = {
				ALWAYS_SEARCH_USER_PATHS = NO;
				CLANG_ANALYZER_NONNULL = YES;
				CLANG_ANALYZER_NUMBER_OBJECT_CONVERSION = YES_AGGRESSIVE;
				CLANG_CXX_LANGUAGE_STANDARD = "gnu++20";
				CLANG_ENABLE_MODULES = YES;
				CLANG_ENABLE_OBJC_ARC = YES;
				CLANG_ENABLE_OBJC_WEAK = YES;
				CLANG_WARN_BLOCK_CAPTURE_AUTORELEASING = YES;
				CLANG_WARN_BOOL_CONVERSION = YES;
				CLANG_WARN_COMMA = YES;
				CLANG_WARN_CONSTANT_CONVERSION = YES;
				CLANG_WARN_DEPRECATED_OBJC_IMPLEMENTATIONS = YES;
				CLANG_WARN_DIRECT_OBJC_ISA_USAGE = YES_ERROR;
				CLANG_WARN_DOCUMENTATION_COMMENTS = YES;
				CLANG_WARN_EMPTY_BODY = YES;
				CLANG_WARN_ENUM_CONVERSION = YES;
				CLANG_WARN_INFINITE_RECURSION = YES;
				CLANG_WARN_INT_CONVERSION = YES;
				CLANG_WARN_NON_LITERAL_NULL_CONVERSION = YES;
				CLANG_WARN_OBJC_IMPLICIT_RETAIN_SELF = YES;
				CLANG_WARN_OBJC_LITERAL_CONVERSION = YES;
				CLANG_WARN_OBJC_ROOT_CLASS = YES_ERROR;
				CLANG_WARN_QUOTED_INCLUDE_IN_FRAMEWORK_HEADER = YES;
				CLANG_WARN_RANGE_LOOP_ANALYSIS = YES;
				CLANG_WARN_STRICT_PROTOTYPES = YES;
				CLANG_WARN_SUSPICIOUS_MOVE = YES;
				CLANG_WARN_UNGUARDED_AVAILABILITY = YES_AGGRESSIVE;
				CLANG_WARN_UNREACHABLE_CODE = YES;
				CLANG_WARN__DUPLICATE_METHOD_MATCH = YES;
				COPY_PHASE_STRIP = NO;
				DEBUG_INFORMATION_FORMAT = "dwarf-with-dsym";
				ENABLE_NS_ASSERTIONS = NO;
				ENABLE_STRICT_OBJC_MSGSEND = YES;
				GCC_C_LANGUAGE_STANDARD = gnu11;
				GCC_NO_COMMON_BLOCKS = YES;
				GCC_WARN_64_TO_32_BIT_CONVERSION = YES;
				GCC_WARN_ABOUT_RETURN_TYPE = YES_ERROR;
				GCC_WARN_UNDECLARED_SELECTOR = YES;
				GCC_WARN_UNINITIALIZED_AUTOS = YES_AGGRESSIVE;
				GCC_WARN_UNUSED_FUNCTION = YES;
				GCC_WARN_UNUSED_VARIABLE = YES;
				IPHONEOS_DEPLOYMENT_TARGET = 16.2;
				MTL_ENABLE_DEBUG_INFO = NO;
				MTL_FAST_MATH = YES;
				SDKROOT = iphoneos;
				SWIFT_COMPILATION_MODE = wholemodule;
				SWIFT_OPTIMIZATION_LEVEL = "-O";
				VALIDATE_PRODUCT = YES;
			};
			name = Release;
		};
		CC52AC0D2952475A00F9DFFA /* Debug */ = {
			isa = XCBuildConfiguration;
			buildSettings = {
				ASSETCATALOG_COMPILER_APPICON_NAME = AppIcon;
				ASSETCATALOG_COMPILER_GLOBAL_ACCENT_COLOR_NAME = AccentColor;
				CODE_SIGN_STYLE = Automatic;
				CURRENT_PROJECT_VERSION = 1;
				DEVELOPMENT_ASSET_PATHS = "\"earthquake/Preview Content\"";
				ENABLE_PREVIEWS = YES;
				GENERATE_INFOPLIST_FILE = YES;
				INFOPLIST_KEY_UIApplicationSceneManifest_Generation = YES;
				INFOPLIST_KEY_UIApplicationSupportsIndirectInputEvents = YES;
				INFOPLIST_KEY_UILaunchScreen_Generation = YES;
				INFOPLIST_KEY_UISupportedInterfaceOrientations_iPad = "UIInterfaceOrientationPortrait UIInterfaceOrientationPortraitUpsideDown UIInterfaceOrientationLandscapeLeft UIInterfaceOrientationLandscapeRight";
				INFOPLIST_KEY_UISupportedInterfaceOrientations_iPhone = "UIInterfaceOrientationPortrait UIInterfaceOrientationLandscapeLeft UIInterfaceOrientationLandscapeRight";
				LD_RUNPATH_SEARCH_PATHS = (
					"$(inherited)",
					"@executable_path/Frameworks",
				);
				MARKETING_VERSION = 1.0;
				PRODUCT_BUNDLE_IDENTIFIER = dev.kayleewilliams.earthquake;
				PRODUCT_NAME = "$(TARGET_NAME)";
				SWIFT_EMIT_LOC_STRINGS = YES;
				SWIFT_VERSION = 5.0;
				TARGETED_DEVICE_FAMILY = "1,2";
			};
			name = Debug;
		};
		CC52AC0E2952475A00F9DFFA /* Release */ = {
			isa = XCBuildConfiguration;
			buildSettings = {
				ASSETCATALOG_COMPILER_APPICON_NAME = AppIcon;
				ASSETCATALOG_COMPILER_GLOBAL_ACCENT_COLOR_NAME = AccentColor;
				CODE_SIGN_STYLE = Automatic;
				CURRENT_PROJECT_VERSION = 1;
				DEVELOPMENT_ASSET_PATHS = "\"earthquake/Preview Content\"";
				ENABLE_PREVIEWS = YES;
				GENERATE_INFOPLIST_FILE = YES;
				INFOPLIST_KEY_UIApplicationSceneManifest_Generation = YES;
				INFOPLIST_KEY_UIApplicationSupportsIndirectInputEvents = YES;
				INFOPLIST_KEY_UILaunchScreen_Generation = YES;
				INFOPLIST_KEY_UISupportedInterfaceOrientations_iPad = "UIInterfaceOrientationPortrait UIInterfaceOrientationPortraitUpsideDown UIInterfaceOrientationLandscapeLeft UIInterfaceOrientationLandscapeRight";
				INFOPLIST_KEY_UISupportedInterfaceOrientations_iPhone = "UIInterfaceOrientationPortrait UIInterfaceOrientationLandscapeLeft UIInterfaceOrientationLandscapeRight";
				LD_RUNPATH_SEARCH_PATHS = (
					"$(inherited)",
					"@executable_path/Frameworks",
				);
				MARKETING_VERSION = 1.0;
				PRODUCT_BUNDLE_IDENTIFIER = dev.kayleewilliams.earthquake;
				PRODUCT_NAME = "$(TARGET_NAME)";
				SWIFT_EMIT_LOC_STRINGS = YES;
				SWIFT_VERSION = 5.0;
				TARGETED_DEVICE_FAMILY = "1,2";
			};
			name = Release;
		};
/* End XCBuildConfiguration section */

/* Begin XCConfigurationList section */
		CC52ABF92952475800F9DFFA /* Build configuration list for PBXProject "earthquake" */ = {
			isa = XCConfigurationList;
			buildConfigurations = (
				CC52AC0A2952475A00F9DFFA /* Debug */,
				CC52AC0B2952475A00F9DFFA /* Release */,
			);
			defaultConfigurationIsVisible = 0;
			defaultConfigurationName = Release;
		};
		CC52AC0C2952475A00F9DFFA /* Build configuration list for PBXNativeTarget "earthquake" */ = {
			isa = XCConfigurationList;
			buildConfigurations = (
				CC52AC0D2952475A00F9DFFA /* Debug */,
				CC52AC0E2952475A00F9DFFA /* Release */,
			);
			defaultConfigurationIsVisible = 0;
			defaultConfigurationName = Release;
		};
/* End XCConfigurationList section */

/* Begin XCRemoteSwiftPackageReference section */
		CC011C4A295AEDD700F8D360 /* XCRemoteSwiftPackageReference "Map" */ = {
			isa = XCRemoteSwiftPackageReference;
			repositoryURL = "https://github.com/pauljohanneskraft/Map.git";
			requirement = {
				branch = main;
				kind = branch;
			};
		};
/* End XCRemoteSwiftPackageReference section */

/* Begin XCSwiftPackageProductDependency section */
		CC011C4B295AEDD700F8D360 /* Map */ = {
			isa = XCSwiftPackageProductDependency;
			package = CC011C4A295AEDD700F8D360 /* XCRemoteSwiftPackageReference "Map" */;
			productName = Map;
		};
/* End XCSwiftPackageProductDependency section */
	};
	rootObject = CC52ABF62952475800F9DFFA /* Project object */;
}
